
Microsoft Visual Studio Solution File, Format Version 12.00
# Visual Studio Version 17
VisualStudioVersion = 17.4.33103.184
MinimumVisualStudioVersion = 10.0.40219.1
Project("{FAE04EC0-301F-11D3-BF4B-00C04F79EFBC}") = "BlazorServerTest", "BlazorServerTest\BlazorServerTest.csproj", "{24089F31-E883-41B7-AF87-EAFCD7EE61E7}"
EndProject
Global
	GlobalSection(SolutionConfigurationPlatforms) = preSolution
		Debug|Any CPU = Debug|Any CPU
		Release|Any CPU = Release|Any CPU
	EndGlobalSection
	GlobalSection(ProjectConfigurationPlatforms) = postSolution
		{24089F31-E883-41B7-AF87-EAFCD7EE61E7}.Debug|Any CPU.ActiveCfg = Debug|Any CPU
		{24089F31-E883-41B7-AF87-EAFCD7EE61E7}.Debug|Any CPU.Build.0 = Debug|Any CPU
		{24089F31-E883-41B7-AF87-EAFCD7EE61E7}.Release|Any CPU.ActiveCfg = Release|Any CPU
		{24089F31-E883-41B7-AF87-EAFCD7EE61E7}.Release|Any CPU.Build.0 = Release|Any CPU
	EndGlobalSection
	GlobalSection(SolutionProperties) = preSolution
		HideSolutionNode = FALSE
	EndGlobalSection
	GlobalSection(ExtensibilityGlobals) = postSolution
		SolutionGuid = {17B5CDC3-8E89-4630-AC6A-D05CE01F73B2}
	EndGlobalSection
EndGlobal
